
Microsoft Visual Studio Solution File, Format Version 12.00
# Visual Studio Version 17
VisualStudioVersion = 17.9.34616.47
MinimumVisualStudioVersion = 10.0.40219.1
Project("{FAE04EC0-301F-11D3-BF4B-00C04F79EFBC}") = "Practice01", "Practice01\Practice01.csproj", "{439B8360-A4A8-45CF-A7BA-6023EE29C442}"
EndProject
Global
	GlobalSection(SolutionConfigurationPlatforms) = preSolution
		Debug|Any CPU = Debug|Any CPU
		Release|Any CPU = Release|Any CPU
	EndGlobalSection
	GlobalSection(ProjectConfigurationPlatforms) = postSolution
		{439B8360-A4A8-45CF-A7BA-6023EE29C442}.Debug|Any CPU.ActiveCfg = Debug|Any CPU
		{439B8360-A4A8-45CF-A7BA-6023EE29C442}.Debug|Any CPU.Build.0 = Debug|Any CPU
		{439B8360-A4A8-45CF-A7BA-6023EE29C442}.Release|Any CPU.ActiveCfg = Release|Any CPU
		{439B8360-A4A8-45CF-A7BA-6023EE29C442}.Release|Any CPU.Build.0 = Release|Any CPU
	EndGlobalSection
	GlobalSection(SolutionProperties) = preSolution
		HideSolutionNode = FALSE
	EndGlobalSection
	GlobalSection(ExtensibilityGlobals) = postSolution
		SolutionGuid = {ADC8FF9C-43FE-4279-9B18-3A884507CD2B}
	EndGlobalSection
EndGlobal
